
Microsoft Visual Studio Solution File, Format Version 12.00
# Visual Studio 15
VisualStudioVersion = 15.0.27703.2018
MinimumVisualStudioVersion = 10.0.40219.1
Project("{FAE04EC0-301F-11D3-BF4B-00C04F79EFBC}") = "DesarrolloIst", "DesarrolloIst\DesarrolloIst.csproj", "{B609ED34-5728-4674-ABFA-5CF88E62E3F9}"
EndProject
Global
	GlobalSection(SolutionConfigurationPlatforms) = preSolution
		Debug|Any CPU = Debug|Any CPU
		Release|Any CPU = Release|Any CPU
	EndGlobalSection
	GlobalSection(ProjectConfigurationPlatforms) = postSolution
		{B609ED34-5728-4674-ABFA-5CF88E62E3F9}.Debug|Any CPU.ActiveCfg = Debug|Any CPU
		{B609ED34-5728-4674-ABFA-5CF88E62E3F9}.Debug|Any CPU.Build.0 = Debug|Any CPU
		{B609ED34-5728-4674-ABFA-5CF88E62E3F9}.Release|Any CPU.ActiveCfg = Release|Any CPU
		{B609ED34-5728-4674-ABFA-5CF88E62E3F9}.Release|Any CPU.Build.0 = Release|Any CPU
	EndGlobalSection
	GlobalSection(SolutionProperties) = preSolution
		HideSolutionNode = FALSE
	EndGlobalSection
	GlobalSection(ExtensibilityGlobals) = postSolution
		SolutionGuid = {F208CFEC-21F9-40A6-AEB5-585E1A6C3F94}
	EndGlobalSection
EndGlobal
